{
  "version": 4,
  "terraform_version": "1.12.2",
  "serial": 18,
  "lineage": "ac57b677-9516-7dc7-70af-81a8a69d44d3",
  "outputs": {},
  "resources": [
    {
      "mode": "managed",
      "type": "github_repository",
      "name": "auto_push_repo",
      "provider": "provider[\"registry.terraform.io/hashicorp/github\"]",
      "instances": [
        {
          "schema_version": 1,
          "attributes": {
            "allow_auto_merge": false,
            "allow_merge_commit": true,
            "allow_rebase_merge": true,
            "allow_squash_merge": true,
            "allow_update_branch": false,
            "archive_on_destroy": null,
            "archived": false,
            "auto_init": true,
            "default_branch": "main",
            "delete_branch_on_merge": false,
            "description": "Repo created by Terraform to auto-push code using GitHub Actions",
            "etag": "W/\"1c24157e1fa3a08c699f1be6ed77ab1bdca5e70ed1bb6736fa07c651dcfec7e3\"",
            "full_name": "MrinalBhatt/git-auto-push-repo",
            "git_clone_url": "git://github.com/MrinalBhatt/git-auto-push-repo.git",
            "gitignore_template": null,
            "has_discussions": false,
            "has_downloads": false,
            "has_issues": false,
            "has_projects": false,
            "has_wiki": false,
            "homepage_url": "",
            "html_url": "https://github.com/MrinalBhatt/git-auto-push-repo",
            "http_clone_url": "https://github.com/MrinalBhatt/git-auto-push-repo.git",
            "id": "git-auto-push-repo",
            "ignore_vulnerability_alerts_during_read": null,
            "is_template": false,
            "license_template": null,
            "merge_commit_message": "PR_TITLE",
            "merge_commit_title": "MERGE_MESSAGE",
            "name": "git-auto-push-repo",
            "node_id": "R_kgDOPTaC4g",
            "pages": [],
            "primary_language": "",
            "private": false,
            "repo_id": 1026982626,
            "security_and_analysis": [
              {
                "advanced_security": [],
                "secret_scanning": [
                  {
                    "status": "enabled"
                  }
                ],
                "secret_scanning_push_protection": [
                  {
                    "status": "enabled"
                  }
                ]
              }
            ],
            "squash_merge_commit_message": "COMMIT_MESSAGES",
            "squash_merge_commit_title": "COMMIT_OR_PR_TITLE",
            "ssh_clone_url": "git@github.com:MrinalBhatt/git-auto-push-repo.git",
            "svn_url": "https://github.com/MrinalBhatt/git-auto-push-repo",
            "template": [],
            "topics": [],
            "visibility": "public",
            "vulnerability_alerts": false,
            "web_commit_signoff_required": false
          },
          "sensitive_attributes": [],
          "identity_schema_version": 0,
          "private": "eyJzY2hlbWFfdmVyc2lvbiI6IjEifQ=="
        }
      ]
    },
    {
      "mode": "managed",
      "type": "github_repository_file",
      "name": "push_workflow",
      "provider": "provider[\"registry.terraform.io/hashicorp/github\"]",
      "instances": [
        {
          "schema_version": 0,
          "attributes": {
            "autocreate_branch": null,
            "autocreate_branch_source_branch": null,
            "autocreate_branch_source_sha": null,
            "branch": "main",
            "commit_author": null,
            "commit_email": null,
            "commit_message": "Add GitHub Actions workflow to auto-push",
            "commit_sha": "3479139ad94ee91f5b974140afea4187486da9c8",
            "content": "name: Auto Push\r\n\r\non:\r\n  workflow_dispatch:\r\n\r\njobs:\r\n  push:\r\n    runs-on: ubuntu-latest\r\n\r\n    permissions:\r\n      contents: write\r\n\r\n    steps:\r\n    - name: Checkout full repo\r\n      uses: actions/checkout@v4\r\n      with:\r\n        token: ${{ secrets.GITHUB_TOKEN }}\r\n        fetch-depth: 0\r\n\r\n    - name: List all files\r\n      run: find .\r\n\r\n    - name: Configure git\r\n      run: |\r\n        git config user.name \"github-actions\"\r\n        git config user.email \"actions@github.com\"\r\n\r\n    - name: Stage all changes\r\n      run: git add -A\r\n\r\n    - name: Commit if changes exist\r\n      run: |\r\n        git diff --cached --quiet || git commit -m \"Auto commit from GitHub Actions\"\r\n\r\n    - name: Push changes\r\n      run: git push\r\n",
            "file": ".github/workflows/auto-push.yml",
            "id": "git-auto-push-repo/.github/workflows/auto-push.yml",
            "overwrite_on_create": true,
            "ref": "main",
            "repository": "git-auto-push-repo",
            "sha": "624d432ab1bcbd0a39b867e3a4470da0e0946165"
          },
          "sensitive_attributes": [],
          "identity_schema_version": 0,
          "private": "bnVsbA==",
          "dependencies": [
            "github_repository.auto_push_repo"
          ]
        }
      ]
    }
  ],
  "check_results": null
}
